
Microsoft Visual Studio Solution File, Format Version 12.00
# Visual Studio Version 17
VisualStudioVersion = 17.14.36603.0 d17.14
MinimumVisualStudioVersion = 10.0.40219.1
Project("{8BC9CEB8-8B4A-11D0-8D11-00A0C91BC942}") = "MarioDemo", "MarioDemo.vcxproj", "{D2529FCB-2CC2-4A07-8B4C-39A7131DD7CC}"
EndProject
Global
	GlobalSection(SolutionConfigurationPlatforms) = preSolution
		Debug|x64 = Debug|x64
		Debug|x86 = Debug|x86
		Release|x64 = Release|x64
		Release|x86 = Release|x86
	EndGlobalSection
	GlobalSection(ProjectConfigurationPlatforms) = postSolution
		{D2529FCB-2CC2-4A07-8B4C-39A7131DD7CC}.Debug|x64.ActiveCfg = Debug|x64
		{D2529FCB-2CC2-4A07-8B4C-39A7131DD7CC}.Debug|x64.Build.0 = Debug|x64
		{D2529FCB-2CC2-4A07-8B4C-39A7131DD7CC}.Debug|x86.ActiveCfg = Debug|Win32
		{D2529FCB-2CC2-4A07-8B4C-39A7131DD7CC}.Debug|x86.Build.0 = Debug|Win32
		{D2529FCB-2CC2-4A07-8B4C-39A7131DD7CC}.Release|x64.ActiveCfg = Release|x64
		{D2529FCB-2CC2-4A07-8B4C-39A7131DD7CC}.Release|x64.Build.0 = Release|x64
		{D2529FCB-2CC2-4A07-8B4C-39A7131DD7CC}.Release|x86.ActiveCfg = Release|Win32
		{D2529FCB-2CC2-4A07-8B4C-39A7131DD7CC}.Release|x86.Build.0 = Release|Win32
	EndGlobalSection
	GlobalSection(SolutionProperties) = preSolution
		HideSolutionNode = FALSE
	EndGlobalSection
	GlobalSection(ExtensibilityGlobals) = postSolution
		SolutionGuid = {35FFBB63-F01D-4DAE-BF1B-70A75FA0A2B2}
	EndGlobalSection
EndGlobal
